
Microsoft Visual Studio Solution File, Format Version 12.00
# Visual Studio Version 17
VisualStudioVersion = 17.8.34330.188
MinimumVisualStudioVersion = 10.0.40219.1
Project("{FAE04EC0-301F-11D3-BF4B-00C04F79EFBC}") = "testMotorsykkel", "testMotorsykkel\testMotorsykkel.csproj", "{BA2C8658-050E-468B-8EB8-0AF297518160}"
EndProject
Global
	GlobalSection(SolutionConfigurationPlatforms) = preSolution
		Debug|Any CPU = Debug|Any CPU
		Release|Any CPU = Release|Any CPU
	EndGlobalSection
	GlobalSection(ProjectConfigurationPlatforms) = postSolution
		{BA2C8658-050E-468B-8EB8-0AF297518160}.Debug|Any CPU.ActiveCfg = Debug|Any CPU
		{BA2C8658-050E-468B-8EB8-0AF297518160}.Debug|Any CPU.Build.0 = Debug|Any CPU
		{BA2C8658-050E-468B-8EB8-0AF297518160}.Release|Any CPU.ActiveCfg = Release|Any CPU
		{BA2C8658-050E-468B-8EB8-0AF297518160}.Release|Any CPU.Build.0 = Release|Any CPU
	EndGlobalSection
	GlobalSection(SolutionProperties) = preSolution
		HideSolutionNode = FALSE
	EndGlobalSection
	GlobalSection(ExtensibilityGlobals) = postSolution
		SolutionGuid = {52DE66A1-52D4-43A9-983D-CE4F0539F8D9}
	EndGlobalSection
EndGlobal
